{
  "requires": true,
  "lockfileVersion": 1,
  "dependencies": {
    "co-mysql": {
      "version": "1.0.0",
      "resolved": "http://registry.npm.taobao.org/co-mysql/download/co-mysql-1.0.0.tgz",
      "dev": true
    },
    "socket.io": {
      "version": "2.2.0",
      "resolved": "http://registry.npm.taobao.org/socket.io/download/socket.io-2.2.0.tgz",
      "dependencies": {
        "debug": {
          "version": "http://registry.npm.taobao.org/debug/download/debug-4.1.1.tgz?cache=0&other_urls=http%3A%2F%2Fregistry.npm.taobao.org%2Fdebug%2Fdownload%2Fdebug-4.1.1.tgz",
          "bundled": true
        },
        "engine.io": {
          "version": "http://registry.npm.taobao.org/engine.io/download/engine.io-3.3.2.tgz",
          "bundled": true,
          "dependencies": {
            "accepts": {
              "version": "http://registry.npm.taobao.org/accepts/download/accepts-1.3.5.tgz",
              "bundled": true,
              "dependencies": {
                "mime-types": {
                  "version": "http://registry.npm.taobao.org/mime-types/download/mime-types-2.1.22.tgz",
                  "bundled": true
                },
                "negotiator": {
                  "version": "http://registry.npm.taobao.org/negotiator/download/negotiator-0.6.1.tgz",
                  "bundled": true
                }
              }
            },
            "base64id": {
              "version": "http://registry.npm.taobao.org/base64id/download/base64id-1.0.0.tgz",
              "bundled": true
            },
            "cookie": {
              "version": "http://registry.npm.taobao.org/cookie/download/cookie-0.3.1.tgz",
              "bundled": true
            },
            "debug": {
              "version": "http://registry.npm.taobao.org/debug/download/debug-3.1.0.tgz?cache=0&other_urls=http%3A%2F%2Fregistry.npm.taobao.org%2Fdebug%2Fdownload%2Fdebug-3.1.0.tgz",
              "bundled": true
            },
            "engine.io-parser": {
              "version": "http://registry.npm.taobao.org/engine.io-parser/download/engine.io-parser-2.1.3.tgz",
              "bundled": true,
              "dependencies": {
                "after": {
                  "version": "http://registry.npm.taobao.org/after/download/after-0.8.2.tgz",
                  "bundled": true
                },
                "arraybuffer.slice": {
                  "version": "http://registry.npm.taobao.org/arraybuffer.slice/download/arraybuffer.slice-0.0.7.tgz",
                  "bundled": true
                },
                "base64-arraybuffer": {
                  "version": "http://registry.npm.taobao.org/base64-arraybuffer/download/base64-arraybuffer-0.1.5.tgz",
                  "bundled": true
                },
                "blob": {
                  "version": "http://registry.npm.taobao.org/blob/download/blob-0.0.5.tgz",
                  "bundled": true
                },
                "has-binary2": {
                  "version": "http://registry.npm.taobao.org/has-binary2/download/has-binary2-1.0.3.tgz",
                  "bundled": true
                }
              }
            },
            "ws": {
              "version": "http://registry.npm.taobao.org/ws/download/ws-6.1.4.tgz",
              "bundled": true,
              "dependencies": {
                "async-limiter": {
                  "version": "http://registry.npm.taobao.org/async-limiter/download/async-limiter-1.0.0.tgz",
                  "bundled": true
                }
              }
            }
          }
        },
        "has-binary2": {
          "version": "http://registry.npm.taobao.org/has-binary2/download/has-binary2-1.0.3.tgz",
          "bundled": true,
          "dependencies": {
            "isarray": {
              "version": "http://registry.npm.taobao.org/isarray/download/isarray-2.0.1.tgz",
              "bundled": true
            }
          }
        },
        "socket.io-adapter": {
          "version": "http://registry.npm.taobao.org/socket.io-adapter/download/socket.io-adapter-1.1.1.tgz",
          "bundled": true
        },
        "socket.io-client": {
          "version": "http://registry.npm.taobao.org/socket.io-client/download/socket.io-client-2.2.0.tgz",
          "bundled": true
        },
        "socket.io-parser": {
          "version": "http://registry.npm.taobao.org/socket.io-parser/download/socket.io-parser-3.3.0.tgz",
          "bundled": true,
          "dependencies": {
            "component-emitter": {
              "version": "http://registry.npm.taobao.org/component-emitter/download/component-emitter-1.2.1.tgz",
              "bundled": true
            },
            "debug": {
              "version": "http://registry.npm.taobao.org/debug/download/debug-3.1.0.tgz?cache=0&other_urls=http%3A%2F%2Fregistry.npm.taobao.org%2Fdebug%2Fdownload%2Fdebug-3.1.0.tgz",
              "bundled": true,
              "dependencies": {
                "ms": {
                  "version": "http://registry.npm.taobao.org/ms/download/ms-2.0.0.tgz"
                }
              }
            },
            "isarray": {
              "version": "http://registry.npm.taobao.org/isarray/download/isarray-2.0.1.tgz",
              "bundled": true
            }
          }
        }
      }
    }
  }
}
